
Microsoft Visual Studio Solution File, Format Version 12.00
# Visual Studio Version 17
VisualStudioVersion = 17.11.35327.3
MinimumVisualStudioVersion = 10.0.40219.1
Project("{FAE04EC0-301F-11D3-BF4B-00C04F79EFBC}") = "API-Store", "API-Store\API-Store.csproj", "{4CB5683C-9AAF-430F-A327-66EBD2BA7D8E}"
EndProject
Project("{FAE04EC0-301F-11D3-BF4B-00C04F79EFBC}") = "Infra", "Infra\Infra.csproj", "{17C8C726-CC3E-4056-98EE-FD50ED518A26}"
EndProject
Project("{FAE04EC0-301F-11D3-BF4B-00C04F79EFBC}") = "Domain", "Domain\Domain.csproj", "{ADEEEFF6-BCF3-4238-8208-67C7180ABD7A}"
EndProject
Global
	GlobalSection(SolutionConfigurationPlatforms) = preSolution
		Debug|Any CPU = Debug|Any CPU
		Release|Any CPU = Release|Any CPU
	EndGlobalSection
	GlobalSection(ProjectConfigurationPlatforms) = postSolution
		{4CB5683C-9AAF-430F-A327-66EBD2BA7D8E}.Debug|Any CPU.ActiveCfg = Debug|Any CPU
		{4CB5683C-9AAF-430F-A327-66EBD2BA7D8E}.Debug|Any CPU.Build.0 = Debug|Any CPU
		{4CB5683C-9AAF-430F-A327-66EBD2BA7D8E}.Release|Any CPU.ActiveCfg = Release|Any CPU
		{4CB5683C-9AAF-430F-A327-66EBD2BA7D8E}.Release|Any CPU.Build.0 = Release|Any CPU
		{17C8C726-CC3E-4056-98EE-FD50ED518A26}.Debug|Any CPU.ActiveCfg = Debug|Any CPU
		{17C8C726-CC3E-4056-98EE-FD50ED518A26}.Debug|Any CPU.Build.0 = Debug|Any CPU
		{17C8C726-CC3E-4056-98EE-FD50ED518A26}.Release|Any CPU.ActiveCfg = Release|Any CPU
		{17C8C726-CC3E-4056-98EE-FD50ED518A26}.Release|Any CPU.Build.0 = Release|Any CPU
		{ADEEEFF6-BCF3-4238-8208-67C7180ABD7A}.Debug|Any CPU.ActiveCfg = Debug|Any CPU
		{ADEEEFF6-BCF3-4238-8208-67C7180ABD7A}.Debug|Any CPU.Build.0 = Debug|Any CPU
		{ADEEEFF6-BCF3-4238-8208-67C7180ABD7A}.Release|Any CPU.ActiveCfg = Release|Any CPU
		{ADEEEFF6-BCF3-4238-8208-67C7180ABD7A}.Release|Any CPU.Build.0 = Release|Any CPU
	EndGlobalSection
	GlobalSection(SolutionProperties) = preSolution
		HideSolutionNode = FALSE
	EndGlobalSection
	GlobalSection(ExtensibilityGlobals) = postSolution
		SolutionGuid = {028CCFB7-34D7-4999-92D8-A8394449156B}
	EndGlobalSection
EndGlobal
